
Microsoft Visual Studio Solution File, Format Version 12.00
# Visual Studio Version 17
VisualStudioVersion = 17.4.33103.184
MinimumVisualStudioVersion = 10.0.40219.1
Project("{FAE04EC0-301F-11D3-BF4B-00C04F79EFBC}") = "ShoppingApplication", "ShoppingApplication\ShoppingApplication.csproj", "{5FE058E7-8CDA-4165-884D-2E9A20B7C538}"
EndProject
Global
	GlobalSection(SolutionConfigurationPlatforms) = preSolution
		Debug|Any CPU = Debug|Any CPU
		Release|Any CPU = Release|Any CPU
	EndGlobalSection
	GlobalSection(ProjectConfigurationPlatforms) = postSolution
		{5FE058E7-8CDA-4165-884D-2E9A20B7C538}.Debug|Any CPU.ActiveCfg = Debug|Any CPU
		{5FE058E7-8CDA-4165-884D-2E9A20B7C538}.Debug|Any CPU.Build.0 = Debug|Any CPU
		{5FE058E7-8CDA-4165-884D-2E9A20B7C538}.Release|Any CPU.ActiveCfg = Release|Any CPU
		{5FE058E7-8CDA-4165-884D-2E9A20B7C538}.Release|Any CPU.Build.0 = Release|Any CPU
	EndGlobalSection
	GlobalSection(SolutionProperties) = preSolution
		HideSolutionNode = FALSE
	EndGlobalSection
	GlobalSection(ExtensibilityGlobals) = postSolution
		SolutionGuid = {42ABF0DA-3043-46DF-B8FD-EBCF3995BB63}
	EndGlobalSection
EndGlobal
